<Solution>
  <Folder Name="/src/">
    <Project Path="src/APIGatway/APIGateway.csproj" />
    <Project Path="src/TaskService/TaskService.csproj" />
    <Project Path="src/UserService/UserService.csproj" />
  </Folder>
  <Folder Name="/test/">
    <Project Path="test/APIGateway.Tests/APIGateway.Tests.csproj" Id="83b10a9d-15ea-4f53-84e2-96dac15be3a6" />
  </Folder>
</Solution>
